
Microsoft Visual Studio Solution File, Format Version 12.00
# Visual Studio 15
VisualStudioVersion = 15.0.28307.136
MinimumVisualStudioVersion = 10.0.40219.1
Project("{FAE04EC0-301F-11D3-BF4B-00C04F79EFBC}") = "ASPNET_Core_2_1", "ASPNET_Core_2_1\ASPNET_Core_2_1.csproj", "{7EA52AF5-CE63-48D7-9A35-8FD43F14EA0F}"
EndProject
Global
	GlobalSection(SolutionConfigurationPlatforms) = preSolution
		Debug|Any CPU = Debug|Any CPU
		Release|Any CPU = Release|Any CPU
	EndGlobalSection
	GlobalSection(ProjectConfigurationPlatforms) = postSolution
		{7EA52AF5-CE63-48D7-9A35-8FD43F14EA0F}.Debug|Any CPU.ActiveCfg = Debug|Any CPU
		{7EA52AF5-CE63-48D7-9A35-8FD43F14EA0F}.Debug|Any CPU.Build.0 = Debug|Any CPU
		{7EA52AF5-CE63-48D7-9A35-8FD43F14EA0F}.Release|Any CPU.ActiveCfg = Release|Any CPU
		{7EA52AF5-CE63-48D7-9A35-8FD43F14EA0F}.Release|Any CPU.Build.0 = Release|Any CPU
	EndGlobalSection
	GlobalSection(SolutionProperties) = preSolution
		HideSolutionNode = FALSE
	EndGlobalSection
	GlobalSection(ExtensibilityGlobals) = postSolution
		SolutionGuid = {31F760FB-C49A-4CB4-BA74-2D39BC4A8BB0}
	EndGlobalSection
EndGlobal
